
Microsoft Visual Studio Solution File, Format Version 12.00
# Visual Studio Version 17
VisualStudioVersion = 17.9.34902.65
MinimumVisualStudioVersion = 10.0.40219.1
Project("{8BC9CEB8-8B4A-11D0-8D11-00A0C91BC942}") = "SRender", "SRender.vcxproj", "{83B7273E-AB20-486D-97DE-C00B476858ED}"
EndProject
Global
	GlobalSection(SolutionConfigurationPlatforms) = preSolution
		Debug|x64 = Debug|x64
		Debug|x86 = Debug|x86
		Release|x64 = Release|x64
		Release|x86 = Release|x86
	EndGlobalSection
	GlobalSection(ProjectConfigurationPlatforms) = postSolution
		{83B7273E-AB20-486D-97DE-C00B476858ED}.Debug|x64.ActiveCfg = Debug|x64
		{83B7273E-AB20-486D-97DE-C00B476858ED}.Debug|x64.Build.0 = Debug|x64
		{83B7273E-AB20-486D-97DE-C00B476858ED}.Debug|x86.ActiveCfg = Debug|Win32
		{83B7273E-AB20-486D-97DE-C00B476858ED}.Debug|x86.Build.0 = Debug|Win32
		{83B7273E-AB20-486D-97DE-C00B476858ED}.Release|x64.ActiveCfg = Release|x64
		{83B7273E-AB20-486D-97DE-C00B476858ED}.Release|x64.Build.0 = Release|x64
		{83B7273E-AB20-486D-97DE-C00B476858ED}.Release|x86.ActiveCfg = Release|Win32
		{83B7273E-AB20-486D-97DE-C00B476858ED}.Release|x86.Build.0 = Release|Win32
	EndGlobalSection
	GlobalSection(SolutionProperties) = preSolution
		HideSolutionNode = FALSE
	EndGlobalSection
	GlobalSection(ExtensibilityGlobals) = postSolution
		SolutionGuid = {390C5D21-473B-424D-B6E0-C4FB999986CF}
	EndGlobalSection
EndGlobal
